
Microsoft Visual Studio Solution File, Format Version 12.00
# Visual Studio Version 17
VisualStudioVersion = 17.11.35327.3
MinimumVisualStudioVersion = 10.0.40219.1
Project("{FAE04EC0-301F-11D3-BF4B-00C04F79EFBC}") = "Biologia", "Biologia\Biologia.csproj", "{500BB8C5-8588-4CF7-BE39-2F91DFE18C2B}"
EndProject
Project("{FAE04EC0-301F-11D3-BF4B-00C04F79EFBC}") = "BiologiaService", "BiologiaService\BiologiaService.csproj", "{E77FAE47-5F6D-4844-B044-916E7E7CAD59}"
EndProject
Project("{FAE04EC0-301F-11D3-BF4B-00C04F79EFBC}") = "BiologiaServiceTest", "BiologiaServiceTest\BiologiaServiceTest.csproj", "{2FF840F2-3AE8-4742-ABBC-431AF9E7DD4E}"
EndProject
Global
	GlobalSection(SolutionConfigurationPlatforms) = preSolution
		Debug|Any CPU = Debug|Any CPU
		Release|Any CPU = Release|Any CPU
	EndGlobalSection
	GlobalSection(ProjectConfigurationPlatforms) = postSolution
		{500BB8C5-8588-4CF7-BE39-2F91DFE18C2B}.Debug|Any CPU.ActiveCfg = Debug|Any CPU
		{500BB8C5-8588-4CF7-BE39-2F91DFE18C2B}.Debug|Any CPU.Build.0 = Debug|Any CPU
		{500BB8C5-8588-4CF7-BE39-2F91DFE18C2B}.Release|Any CPU.ActiveCfg = Release|Any CPU
		{500BB8C5-8588-4CF7-BE39-2F91DFE18C2B}.Release|Any CPU.Build.0 = Release|Any CPU
		{E77FAE47-5F6D-4844-B044-916E7E7CAD59}.Debug|Any CPU.ActiveCfg = Debug|Any CPU
		{E77FAE47-5F6D-4844-B044-916E7E7CAD59}.Debug|Any CPU.Build.0 = Debug|Any CPU
		{E77FAE47-5F6D-4844-B044-916E7E7CAD59}.Release|Any CPU.ActiveCfg = Release|Any CPU
		{E77FAE47-5F6D-4844-B044-916E7E7CAD59}.Release|Any CPU.Build.0 = Release|Any CPU
		{2FF840F2-3AE8-4742-ABBC-431AF9E7DD4E}.Debug|Any CPU.ActiveCfg = Debug|Any CPU
		{2FF840F2-3AE8-4742-ABBC-431AF9E7DD4E}.Debug|Any CPU.Build.0 = Debug|Any CPU
		{2FF840F2-3AE8-4742-ABBC-431AF9E7DD4E}.Release|Any CPU.ActiveCfg = Release|Any CPU
		{2FF840F2-3AE8-4742-ABBC-431AF9E7DD4E}.Release|Any CPU.Build.0 = Release|Any CPU
	EndGlobalSection
	GlobalSection(SolutionProperties) = preSolution
		HideSolutionNode = FALSE
	EndGlobalSection
	GlobalSection(ExtensibilityGlobals) = postSolution
		SolutionGuid = {859AFA1E-2284-4C79-99EC-8AD42AD83CB4}
	EndGlobalSection
EndGlobal
